// !$*UTF8*$!
{
	archiveVersion = 1;
	classes = {
	};
	objectVersion = 55;
	objects = {

/* Begin PBXBuildFile section */
		D63F5B0328F2D0AF002A90C5 /* AppDelegate.swift in Sources */ = {isa = PBXBuildFile; fileRef = D63F5B0228F2D0AF002A90C5 /* AppDelegate.swift */; };
		D63F5B0528F2D0AF002A90C5 /* SceneDelegate.swift in Sources */ = {isa = PBXBuildFile; fileRef = D63F5B0428F2D0AF002A90C5 /* SceneDelegate.swift */; };
		D63F5B0728F2D0AF002A90C5 /* TopViewController.swift in Sources */ = {isa = PBXBuildFile; fileRef = D63F5B0628F2D0AF002A90C5 /* TopViewController.swift */; };
		D63F5B0A28F2D0AF002A90C5 /* Main.storyboard in Resources */ = {isa = PBXBuildFile; fileRef = D63F5B0828F2D0AF002A90C5 /* Main.storyboard */; };
		D63F5B0C28F2D0B0002A90C5 /* Assets.xcassets in Resources */ = {isa = PBXBuildFile; fileRef = D63F5B0B28F2D0B0002A90C5 /* Assets.xcassets */; };
		D63F5B0F28F2D0B0002A90C5 /* LaunchScreen.storyboard in Resources */ = {isa = PBXBuildFile; fileRef = D63F5B0D28F2D0B0002A90C5 /* LaunchScreen.storyboard */; };
		D68EAB8228FD99BA008447FA /* ModalViewController.swift in Sources */ = {isa = PBXBuildFile; fileRef = D68EAB8128FD99BA008447FA /* ModalViewController.swift */; };
		D6FBB917290AB90A00ECF0FB /* ModalView.storyboard in Resources */ = {isa = PBXBuildFile; fileRef = D6FBB916290AB90A00ECF0FB /* ModalView.storyboard */; };
/* End PBXBuildFile section */

/* Begin PBXFileReference section */
		D63F5AFF28F2D0AF002A90C5 /* countdown-app.app */ = {isa = PBXFileReference; explicitFileType = wrapper.application; includeInIndex = 0; path = "countdown-app.app"; sourceTree = BUILT_PRODUCTS_DIR; };
		D63F5B0228F2D0AF002A90C5 /* AppDelegate.swift */ = {isa = PBXFileReference; lastKnownFileType = sourcecode.swift; path = AppDelegate.swift; sourceTree = "<group>"; };
		D63F5B0428F2D0AF002A90C5 /* SceneDelegate.swift */ = {isa = PBXFileReference; lastKnownFileType = sourcecode.swift; path = SceneDelegate.swift; sourceTree = "<group>"; };
		D63F5B0628F2D0AF002A90C5 /* TopViewController.swift */ = {isa = PBXFileReference; lastKnownFileType = sourcecode.swift; path = TopViewController.swift; sourceTree = "<group>"; };
		D63F5B0928F2D0AF002A90C5 /* Base */ = {isa = PBXFileReference; lastKnownFileType = file.storyboard; name = Base; path = Base.lproj/Main.storyboard; sourceTree = "<group>"; };
		D63F5B0B28F2D0B0002A90C5 /* Assets.xcassets */ = {isa = PBXFileReference; lastKnownFileType = folder.assetcatalog; path = Assets.xcassets; sourceTree = "<group>"; };
		D63F5B0E28F2D0B0002A90C5 /* Base */ = {isa = PBXFileReference; lastKnownFileType = file.storyboard; name = Base; path = Base.lproj/LaunchScreen.storyboard; sourceTree = "<group>"; };
		D63F5B1028F2D0B0002A90C5 /* Info.plist */ = {isa = PBXFileReference; lastKnownFileType = text.plist.xml; path = Info.plist; sourceTree = "<group>"; };
		D68EAB8128FD99BA008447FA /* ModalViewController.swift */ = {isa = PBXFileReference; lastKnownFileType = sourcecode.swift; path = ModalViewController.swift; sourceTree = "<group>"; };
		D6FBB916290AB90A00ECF0FB /* ModalView.storyboard */ = {isa = PBXFileReference; lastKnownFileType = file.storyboard; path = ModalView.storyboard; sourceTree = "<group>"; };
/* End PBXFileReference section */

/* Begin PBXFrameworksBuildPhase section */
		D63F5AFC28F2D0AF002A90C5 /* Frameworks */ = {
			isa = PBXFrameworksBuildPhase;
			buildActionMask = 2147483647;
			files = (
			);
			runOnlyForDeploymentPostprocessing = 0;
		};
/* End PBXFrameworksBuildPhase section */

/* Begin PBXGroup section */
		D63F5AF628F2D0AF002A90C5 = {
			isa = PBXGroup;
			children = (
				D63F5B0128F2D0AF002A90C5 /* countdown-app */,
				D63F5B0028F2D0AF002A90C5 /* Products */,
			);
			sourceTree = "<group>";
		};
		D63F5B0028F2D0AF002A90C5 /* Products */ = {
			isa = PBXGroup;
			children = (
				D63F5AFF28F2D0AF002A90C5 /* countdown-app.app */,
			);
			name = Products;
			sourceTree = "<group>";
		};
		D63F5B0128F2D0AF002A90C5 /* countdown-app */ = {
			isa = PBXGroup;
			children = (
				D63F5B0228F2D0AF002A90C5 /* AppDelegate.swift */,
				D63F5B0428F2D0AF002A90C5 /* SceneDelegate.swift */,
				D68EAB8128FD99BA008447FA /* ModalViewController.swift */,
				D6FBB916290AB90A00ECF0FB /* ModalView.storyboard */,
				D63F5B0628F2D0AF002A90C5 /* TopViewController.swift */,
				D63F5B0828F2D0AF002A90C5 /* Main.storyboard */,
				D63F5B0B28F2D0B0002A90C5 /* Assets.xcassets */,
				D63F5B0D28F2D0B0002A90C5 /* LaunchScreen.storyboard */,
				D63F5B1028F2D0B0002A90C5 /* Info.plist */,
			);
			path = "countdown-app";
			sourceTree = "<group>";
		};
/* End PBXGroup section */

/* Begin PBXNativeTarget section */
		D63F5AFE28F2D0AF002A90C5 /* countdown-app */ = {
			isa = PBXNativeTarget;
			buildConfigurationList = D63F5B1328F2D0B0002A90C5 /* Build configuration list for PBXNativeTarget "countdown-app" */;
			buildPhases = (
				D63F5AFB28F2D0AF002A90C5 /* Sources */,
				D63F5AFC28F2D0AF002A90C5 /* Frameworks */,
				D63F5AFD28F2D0AF002A90C5 /* Resources */,
			);
			buildRules = (
			);
			dependencies = (
			);
			name = "countdown-app";
			productName = "countdown-app";
			productReference = D63F5AFF28F2D0AF002A90C5 /* countdown-app.app */;
			productType = "com.apple.product-type.application";
		};
/* End PBXNativeTarget section */

/* Begin PBXProject section */
		D63F5AF728F2D0AF002A90C5 /* Project object */ = {
			isa = PBXProject;
			attributes = {
				BuildIndependentTargetsInParallel = 1;
				LastSwiftUpdateCheck = 1340;
				LastUpgradeCheck = 1340;
				TargetAttributes = {
					D63F5AFE28F2D0AF002A90C5 = {
						CreatedOnToolsVersion = 13.4.1;
					};
				};
			};
			buildConfigurationList = D63F5AFA28F2D0AF002A90C5 /* Build configuration list for PBXProject "countdown-app" */;
			compatibilityVersion = "Xcode 13.0";
			developmentRegion = en;
			hasScannedForEncodings = 0;
			knownRegions = (
				en,
				Base,
			);
			mainGroup = D63F5AF628F2D0AF002A90C5;
			productRefGroup = D63F5B0028F2D0AF002A90C5 /* Products */;
			projectDirPath = "";
			projectRoot = "";
			targets = (
				D63F5AFE28F2D0AF002A90C5 /* countdown-app */,
			);
		};
/* End PBXProject section */

/* Begin PBXResourcesBuildPhase section */
		D63F5AFD28F2D0AF002A90C5 /* Resources */ = {
			isa = PBXResourcesBuildPhase;
			buildActionMask = 2147483647;
			files = (
				D63F5B0F28F2D0B0002A90C5 /* LaunchScreen.storyboard in Resources */,
				D63F5B0C28F2D0B0002A90C5 /* Assets.xcassets in Resources */,
				D63F5B0A28F2D0AF002A90C5 /* Main.storyboard in Resources */,
				D6FBB917290AB90A00ECF0FB /* ModalView.storyboard in Resources */,
			);
			runOnlyForDeploymentPostprocessing = 0;
		};
/* End PBXResourcesBuildPhase section */

/* Begin PBXSourcesBuildPhase section */
		D63F5AFB28F2D0AF002A90C5 /* Sources */ = {
			isa = PBXSourcesBuildPhase;
			buildActionMask = 2147483647;
			files = (
				D68EAB8228FD99BA008447FA /* ModalViewController.swift in Sources */,
				D63F5B0728F2D0AF002A90C5 /* TopViewController.swift in Sources */,
				D63F5B0328F2D0AF002A90C5 /* AppDelegate.swift in Sources */,
				D63F5B0528F2D0AF002A90C5 /* SceneDelegate.swift in Sources */,
			);
			runOnlyForDeploymentPostprocessing = 0;
		};
/* End PBXSourcesBuildPhase section */

/* Begin PBXVariantGroup section */
		D63F5B0828F2D0AF002A90C5 /* Main.storyboard */ = {
			isa = PBXVariantGroup;
			children = (
				D63F5B0928F2D0AF002A90C5 /* Base */,
			);
			name = Main.storyboard;
			sourceTree = "<group>";
		};
		D63F5B0D28F2D0B0002A90C5 /* LaunchScreen.storyboard */ = {
			isa = PBXVariantGroup;
			children = (
				D63F5B0E28F2D0B0002A90C5 /* Base */,
			);
			name = LaunchScreen.storyboard;
			sourceTree = "<group>";
		};
/* End PBXVariantGroup section */

/* Begin XCBuildConfiguration section */
		D63F5B1128F2D0B0002A90C5 /* Debug */ = {
			isa = XCBuildConfiguration;
			buildSettings = {
				ALWAYS_SEARCH_USER_PATHS = NO;
				CLANG_ANALYZER_NONNULL = YES;
				CLANG_ANALYZER_NUMBER_OBJECT_CONVERSION = YES_AGGRESSIVE;
				CLANG_CXX_LANGUAGE_STANDARD = "gnu++17";
				CLANG_ENABLE_MODULES = YES;
				CLANG_ENABLE_OBJC_ARC = YES;
				CLANG_ENABLE_OBJC_WEAK = YES;
				CLANG_WARN_BLOCK_CAPTURE_AUTORELEASING = YES;
				CLANG_WARN_BOOL_CONVERSION = YES;
				CLANG_WARN_COMMA = YES;
				CLANG_WARN_CONSTANT_CONVERSION = YES;
				CLANG_WARN_DEPRECATED_OBJC_IMPLEMENTATIONS = YES;
				CLANG_WARN_DIRECT_OBJC_ISA_USAGE = YES_ERROR;
				CLANG_WARN_DOCUMENTATION_COMMENTS = YES;
				CLANG_WARN_EMPTY_BODY = YES;
				CLANG_WARN_ENUM_CONVERSION = YES;
				CLANG_WARN_INFINITE_RECURSION = YES;
				CLANG_WARN_INT_CONVERSION = YES;
				CLANG_WARN_NON_LITERAL_NULL_CONVERSION = YES;
				CLANG_WARN_OBJC_IMPLICIT_RETAIN_SELF = YES;
				CLANG_WARN_OBJC_LITERAL_CONVERSION = YES;
				CLANG_WARN_OBJC_ROOT_CLASS = YES_ERROR;
				CLANG_WARN_QUOTED_INCLUDE_IN_FRAMEWORK_HEADER = YES;
				CLANG_WARN_RANGE_LOOP_ANALYSIS = YES;
				CLANG_WARN_STRICT_PROTOTYPES = YES;
				CLANG_WARN_SUSPICIOUS_MOVE = YES;
				CLANG_WARN_UNGUARDED_AVAILABILITY = YES_AGGRESSIVE;
				CLANG_WARN_UNREACHABLE_CODE = YES;
				CLANG_WARN__DUPLICATE_METHOD_MATCH = YES;
				COPY_PHASE_STRIP = NO;
				DEBUG_INFORMATION_FORMAT = dwarf;
				ENABLE_STRICT_OBJC_MSGSEND = YES;
				ENABLE_TESTABILITY = YES;
				GCC_C_LANGUAGE_STANDARD = gnu11;
				GCC_DYNAMIC_NO_PIC = NO;
				GCC_NO_COMMON_BLOCKS = YES;
				GCC_OPTIMIZATION_LEVEL = 0;
				GCC_PREPROCESSOR_DEFINITIONS = (
					"DEBUG=1",
					"$(inherited)",
				);
				GCC_WARN_64_TO_32_BIT_CONVERSION = YES;
				GCC_WARN_ABOUT_RETURN_TYPE = YES_ERROR;
				GCC_WARN_UNDECLARED_SELECTOR = YES;
				GCC_WARN_UNINITIALIZED_AUTOS = YES_AGGRESSIVE;
				GCC_WARN_UNUSED_FUNCTION = YES;
				GCC_WARN_UNUSED_VARIABLE = YES;
				IPHONEOS_DEPLOYMENT_TARGET = 15.5;
				MTL_ENABLE_DEBUG_INFO = INCLUDE_SOURCE;
				MTL_FAST_MATH = YES;
				ONLY_ACTIVE_ARCH = YES;
				SDKROOT = iphoneos;
				SWIFT_ACTIVE_COMPILATION_CONDITIONS = DEBUG;
				SWIFT_OPTIMIZATION_LEVEL = "-Onone";
			};
			name = Debug;
		};
		D63F5B1228F2D0B0002A90C5 /* Release */ = {
			isa = XCBuildConfiguration;
			buildSettings = {
				ALWAYS_SEARCH_USER_PATHS = NO;
				CLANG_ANALYZER_NONNULL = YES;
				CLANG_ANALYZER_NUMBER_OBJECT_CONVERSION = YES_AGGRESSIVE;
				CLANG_CXX_LANGUAGE_STANDARD = "gnu++17";
				CLANG_ENABLE_MODULES = YES;
				CLANG_ENABLE_OBJC_ARC = YES;
				CLANG_ENABLE_OBJC_WEAK = YES;
				CLANG_WARN_BLOCK_CAPTURE_AUTORELEASING = YES;
				CLANG_WARN_BOOL_CONVERSION = YES;
				CLANG_WARN_COMMA = YES;
				CLANG_WARN_CONSTANT_CONVERSION = YES;
				CLANG_WARN_DEPRECATED_OBJC_IMPLEMENTATIONS = YES;
				CLANG_WARN_DIRECT_OBJC_ISA_USAGE = YES_ERROR;
				CLANG_WARN_DOCUMENTATION_COMMENTS = YES;
				CLANG_WARN_EMPTY_BODY = YES;
				CLANG_WARN_ENUM_CONVERSION = YES;
				CLANG_WARN_INFINITE_RECURSION = YES;
				CLANG_WARN_INT_CONVERSION = YES;
				CLANG_WARN_NON_LITERAL_NULL_CONVERSION = YES;
				CLANG_WARN_OBJC_IMPLICIT_RETAIN_SELF = YES;
				CLANG_WARN_OBJC_LITERAL_CONVERSION = YES;
				CLANG_WARN_OBJC_ROOT_CLASS = YES_ERROR;
				CLANG_WARN_QUOTED_INCLUDE_IN_FRAMEWORK_HEADER = YES;
				CLANG_WARN_RANGE_LOOP_ANALYSIS = YES;
				CLANG_WARN_STRICT_PROTOTYPES = YES;
				CLANG_WARN_SUSPICIOUS_MOVE = YES;
				CLANG_WARN_UNGUARDED_AVAILABILITY = YES_AGGRESSIVE;
				CLANG_WARN_UNREACHABLE_CODE = YES;
				CLANG_WARN__DUPLICATE_METHOD_MATCH = YES;
				COPY_PHASE_STRIP = NO;
				DEBUG_INFORMATION_FORMAT = "dwarf-with-dsym";
				ENABLE_NS_ASSERTIONS = NO;
				ENABLE_STRICT_OBJC_MSGSEND = YES;
				GCC_C_LANGUAGE_STANDARD = gnu11;
				GCC_NO_COMMON_BLOCKS = YES;
				GCC_WARN_64_TO_32_BIT_CONVERSION = YES;
				GCC_WARN_ABOUT_RETURN_TYPE = YES_ERROR;
				GCC_WARN_UNDECLARED_SELECTOR = YES;
				GCC_WARN_UNINITIALIZED_AUTOS = YES_AGGRESSIVE;
				GCC_WARN_UNUSED_FUNCTION = YES;
				GCC_WARN_UNUSED_VARIABLE = YES;
				IPHONEOS_DEPLOYMENT_TARGET = 15.5;
				MTL_ENABLE_DEBUG_INFO = NO;
				MTL_FAST_MATH = YES;
				SDKROOT = iphoneos;
				SWIFT_COMPILATION_MODE = wholemodule;
				SWIFT_OPTIMIZATION_LEVEL = "-O";
				VALIDATE_PRODUCT = YES;
			};
			name = Release;
		};
		D63F5B1428F2D0B0002A90C5 /* Debug */ = {
			isa = XCBuildConfiguration;
			buildSettings = {
				ASSETCATALOG_COMPILER_APPICON_NAME = AppIcon;
				ASSETCATALOG_COMPILER_GLOBAL_ACCENT_COLOR_NAME = AccentColor;
				CODE_SIGN_STYLE = Automatic;
				CURRENT_PROJECT_VERSION = 1;
				DEVELOPMENT_TEAM = AWXM9UNV6R;
				GENERATE_INFOPLIST_FILE = YES;
				INFOPLIST_FILE = "countdown-app/Info.plist";
				INFOPLIST_KEY_UIApplicationSupportsIndirectInputEvents = YES;
				INFOPLIST_KEY_UILaunchStoryboardName = LaunchScreen;
				INFOPLIST_KEY_UIMainStoryboardFile = Main;
				INFOPLIST_KEY_UISupportedInterfaceOrientations_iPad = "UIInterfaceOrientationPortrait UIInterfaceOrientationPortraitUpsideDown UIInterfaceOrientationLandscapeLeft UIInterfaceOrientationLandscapeRight";
				INFOPLIST_KEY_UISupportedInterfaceOrientations_iPhone = "UIInterfaceOrientationPortrait UIInterfaceOrientationLandscapeLeft UIInterfaceOrientationLandscapeRight";
				LD_RUNPATH_SEARCH_PATHS = (
					"$(inherited)",
					"@executable_path/Frameworks",
				);
				MARKETING_VERSION = 1.0;
				PRODUCT_BUNDLE_IDENTIFIER = "com.angelayu.countdown-app";
				PRODUCT_NAME = "$(TARGET_NAME)";
				SWIFT_EMIT_LOC_STRINGS = YES;
				SWIFT_VERSION = 5.0;
				TARGETED_DEVICE_FAMILY = "1,2";
			};
			name = Debug;
		};
		D63F5B1528F2D0B0002A90C5 /* Release */ = {
			isa = XCBuildConfiguration;
			buildSettings = {
				ASSETCATALOG_COMPILER_APPICON_NAME = AppIcon;
				ASSETCATALOG_COMPILER_GLOBAL_ACCENT_COLOR_NAME = AccentColor;
				CODE_SIGN_STYLE = Automatic;
				CURRENT_PROJECT_VERSION = 1;
				DEVELOPMENT_TEAM = AWXM9UNV6R;
				GENERATE_INFOPLIST_FILE = YES;
				INFOPLIST_FILE = "countdown-app/Info.plist";
				INFOPLIST_KEY_UIApplicationSupportsIndirectInputEvents = YES;
				INFOPLIST_KEY_UILaunchStoryboardName = LaunchScreen;
				INFOPLIST_KEY_UIMainStoryboardFile = Main;
				INFOPLIST_KEY_UISupportedInterfaceOrientations_iPad = "UIInterfaceOrientationPortrait UIInterfaceOrientationPortraitUpsideDown UIInterfaceOrientationLandscapeLeft UIInterfaceOrientationLandscapeRight";
				INFOPLIST_KEY_UISupportedInterfaceOrientations_iPhone = "UIInterfaceOrientationPortrait UIInterfaceOrientationLandscapeLeft UIInterfaceOrientationLandscapeRight";
				LD_RUNPATH_SEARCH_PATHS = (
					"$(inherited)",
					"@executable_path/Frameworks",
				);
				MARKETING_VERSION = 1.0;
				PRODUCT_BUNDLE_IDENTIFIER = "com.angelayu.countdown-app";
				PRODUCT_NAME = "$(TARGET_NAME)";
				SWIFT_EMIT_LOC_STRINGS = YES;
				SWIFT_VERSION = 5.0;
				TARGETED_DEVICE_FAMILY = "1,2";
			};
			name = Release;
		};
/* End XCBuildConfiguration section */

/* Begin XCConfigurationList section */
		D63F5AFA28F2D0AF002A90C5 /* Build configuration list for PBXProject "countdown-app" */ = {
			isa = XCConfigurationList;
			buildConfigurations = (
				D63F5B1128F2D0B0002A90C5 /* Debug */,
				D63F5B1228F2D0B0002A90C5 /* Release */,
			);
			defaultConfigurationIsVisible = 0;
			defaultConfigurationName = Release;
		};
		D63F5B1328F2D0B0002A90C5 /* Build configuration list for PBXNativeTarget "countdown-app" */ = {
			isa = XCConfigurationList;
			buildConfigurations = (
				D63F5B1428F2D0B0002A90C5 /* Debug */,
				D63F5B1528F2D0B0002A90C5 /* Release */,
			);
			defaultConfigurationIsVisible = 0;
			defaultConfigurationName = Release;
		};
/* End XCConfigurationList section */
	};
	rootObject = D63F5AF728F2D0AF002A90C5 /* Project object */;
}
